<?xml version="1.0" encoding="utf-8"?>
<Project ToolsVersion="4.0" xmlns="http://schemas.microsoft.com/developer/msbuild/2003">
  <ItemGroup>
    <Filter Include="源文件">
      <UniqueIdentifier>{4FC737F1-C7A5-4376-A066-2A32D752A2FF}</UniqueIdentifier>
      <Extensions>cpp;c;cc;cxx;def;odl;idl;hpj;bat;asm;asmx</Extensions>
    </Filter>
    <Filter Include="头文件">
      <UniqueIdentifier>{93995380-89BD-4b04-88EB-625FBE52EBFB}</UniqueIdentifier>
      <Extensions>h;hh;hpp;hxx;hm;inl;inc;xsd</Extensions>
    </Filter>
    <Filter Include="资源文件">
      <UniqueIdentifier>{67DA6AB6-F800-4c08-8B7A-83BB121AAD01}</UniqueIdentifier>
      <Extensions>rc;ico;cur;bmp;dlg;rc2;rct;bin;rgs;gif;jpg;jpeg;jpe;resx;tiff;tif;png;wav;mfcribbon-ms</Extensions>
    </Filter>
    <Filter Include="lex-test">
      <UniqueIdentifier>{acc3d952-4fed-4ab3-bfa7-3158138ef7dc}</UniqueIdentifier>
    </Filter>
    <Filter Include="gencode">
      <UniqueIdentifier>{1c339861-8a8b-4d94-9f94-ed5d9c147388}</UniqueIdentifier>
    </Filter>
    <Filter Include="docopt">
      <UniqueIdentifier>{b97c09b4-a046-43a2-93c1-c4e5230e5e4d}</UniqueIdentifier>
    </Filter>
  </ItemGroup>
  <ItemGroup>
    <ClInclude Include="stdafx.h">
      <Filter>头文件</Filter>
    </ClInclude>
    <ClInclude Include="targetver.h">
      <Filter>头文件</Filter>
    </ClInclude>
    <ClInclude Include="regexp.h">
      <Filter>头文件</Filter>
    </ClInclude>
    <ClInclude Include="nfa.h">
      <Filter>头文件</Filter>
    </ClInclude>
    <ClInclude Include="dfa.h">
      <Filter>头文件</Filter>
    </ClInclude>
    <ClInclude Include="gencode\mlex-genc.h">
      <Filter>gencode</Filter>
    </ClInclude>
    <ClInclude Include="exception.h">
      <Filter>头文件</Filter>
    </ClInclude>
    <ClInclude Include="gencode\mlex-gencpp.h">
      <Filter>gencode</Filter>
    </ClInclude>
    <ClInclude Include="docopt\docopt.h">
      <Filter>docopt</Filter>
    </ClInclude>
    <ClInclude Include="docopt\docopt_private.h">
      <Filter>docopt</Filter>
    </ClInclude>
    <ClInclude Include="docopt\docopt_util.h">
      <Filter>docopt</Filter>
    </ClInclude>
    <ClInclude Include="docopt\docopt_value.h">
      <Filter>docopt</Filter>
    </ClInclude>
  </ItemGroup>
  <ItemGroup>
    <ClCompile Include="stdafx.cpp">
      <Filter>源文件</Filter>
    </ClCompile>
    <ClCompile Include="mlex.cpp">
      <Filter>源文件</Filter>
    </ClCompile>
    <ClCompile Include="docopt\docopt.cpp">
      <Filter>docopt</Filter>
    </ClCompile>
  </ItemGroup>
  <ItemGroup>
    <None Include="..\ReadMe.md" />
    <None Include="lex-test\common.lex">
      <Filter>lex-test</Filter>
    </None>
  </ItemGroup>
</Project>